
Microsoft Visual Studio Solution File, Format Version 12.00
# Visual Studio Version 17
VisualStudioVersion = 17.8.34408.163
MinimumVisualStudioVersion = 10.0.40219.1
Project("{FAE04EC0-301F-11D3-BF4B-00C04F79EFBC}") = "pisunchik", "pisunchik.csproj", "{F21C4182-962A-4769-B315-3551AA0A944E}"
EndProject
Global
	GlobalSection(SolutionConfigurationPlatforms) = preSolution
		Debug|Any CPU = Debug|Any CPU
		Release|Any CPU = Release|Any CPU
	EndGlobalSection
	GlobalSection(ProjectConfigurationPlatforms) = postSolution
		{F21C4182-962A-4769-B315-3551AA0A944E}.Debug|Any CPU.ActiveCfg = Debug|Any CPU
		{F21C4182-962A-4769-B315-3551AA0A944E}.Debug|Any CPU.Build.0 = Debug|Any CPU
		{F21C4182-962A-4769-B315-3551AA0A944E}.Release|Any CPU.ActiveCfg = Release|Any CPU
		{F21C4182-962A-4769-B315-3551AA0A944E}.Release|Any CPU.Build.0 = Release|Any CPU
	EndGlobalSection
	GlobalSection(SolutionProperties) = preSolution
		HideSolutionNode = FALSE
	EndGlobalSection
	GlobalSection(ExtensibilityGlobals) = postSolution
		SolutionGuid = {C7095501-72E6-42DA-99F7-10ADA0D56FFA}
	EndGlobalSection
EndGlobal
